// !$*UTF8*$!
{
	archiveVersion = 1;
	classes = {
	};
	objectVersion = 46;
	objects = {

/* Begin PBXBuildFile section */
		3822E39B1ECAF1CE0061DAAD /* AppDelegate.swift in Sources */ = {isa = PBXBuildFile; fileRef = 3822E39A1ECAF1CE0061DAAD /* AppDelegate.swift */; };
		3822E39D1ECAF1CE0061DAAD /* ViewController.swift in Sources */ = {isa = PBXBuildFile; fileRef = 3822E39C1ECAF1CE0061DAAD /* ViewController.swift */; };
		3822E3A01ECAF1CE0061DAAD /* Main.storyboard in Resources */ = {isa = PBXBuildFile; fileRef = 3822E39E1ECAF1CE0061DAAD /* Main.storyboard */; };
		3822E3A21ECAF1CE0061DAAD /* Assets.xcassets in Resources */ = {isa = PBXBuildFile; fileRef = 3822E3A11ECAF1CE0061DAAD /* Assets.xcassets */; };
		3822E3A51ECAF1CE0061DAAD /* LaunchScreen.storyboard in Resources */ = {isa = PBXBuildFile; fileRef = 3822E3A31ECAF1CE0061DAAD /* LaunchScreen.storyboard */; };
		3822E3B01ECAF1CF0061DAAD /* ios_uikit_uitextfield_demoTests.swift in Sources */ = {isa = PBXBuildFile; fileRef = 3822E3AF1ECAF1CF0061DAAD /* ios_uikit_uitextfield_demoTests.swift */; };
/* End PBXBuildFile section */

/* Begin PBXContainerItemProxy section */
		3822E3AC1ECAF1CF0061DAAD /* PBXContainerItemProxy */ = {
			isa = PBXContainerItemProxy;
			containerPortal = 3822E38F1ECAF1CE0061DAAD /* Project object */;
			proxyType = 1;
			remoteGlobalIDString = 3822E3961ECAF1CE0061DAAD;
			remoteInfo = "ios-uikit-uitextfield-demo";
		};
/* End PBXContainerItemProxy section */

/* Begin PBXFileReference section */
		3822E3971ECAF1CE0061DAAD /* ios-uikit-uitextfield-demo.app */ = {isa = PBXFileReference; explicitFileType = wrapper.application; includeInIndex = 0; path = "ios-uikit-uitextfield-demo.app"; sourceTree = BUILT_PRODUCTS_DIR; };
		3822E39A1ECAF1CE0061DAAD /* AppDelegate.swift */ = {isa = PBXFileReference; lastKnownFileType = sourcecode.swift; path = AppDelegate.swift; sourceTree = "<group>"; };
		3822E39C1ECAF1CE0061DAAD /* ViewController.swift */ = {isa = PBXFileReference; lastKnownFileType = sourcecode.swift; path = ViewController.swift; sourceTree = "<group>"; };
		3822E39F1ECAF1CE0061DAAD /* Base */ = {isa = PBXFileReference; lastKnownFileType = file.storyboard; name = Base; path = Base.lproj/Main.storyboard; sourceTree = "<group>"; };
		3822E3A11ECAF1CE0061DAAD /* Assets.xcassets */ = {isa = PBXFileReference; lastKnownFileType = folder.assetcatalog; path = Assets.xcassets; sourceTree = "<group>"; };
		3822E3A41ECAF1CE0061DAAD /* Base */ = {isa = PBXFileReference; lastKnownFileType = file.storyboard; name = Base; path = Base.lproj/LaunchScreen.storyboard; sourceTree = "<group>"; };
		3822E3A61ECAF1CE0061DAAD /* Info.plist */ = {isa = PBXFileReference; lastKnownFileType = text.plist.xml; path = Info.plist; sourceTree = "<group>"; };
		3822E3AB1ECAF1CF0061DAAD /* ios-uikit-uitextfield-demoTests.xctest */ = {isa = PBXFileReference; explicitFileType = wrapper.cfbundle; includeInIndex = 0; path = "ios-uikit-uitextfield-demoTests.xctest"; sourceTree = BUILT_PRODUCTS_DIR; };
		3822E3AF1ECAF1CF0061DAAD /* ios_uikit_uitextfield_demoTests.swift */ = {isa = PBXFileReference; lastKnownFileType = sourcecode.swift; path = ios_uikit_uitextfield_demoTests.swift; sourceTree = "<group>"; };
		3822E3B11ECAF1CF0061DAAD /* Info.plist */ = {isa = PBXFileReference; lastKnownFileType = text.plist.xml; path = Info.plist; sourceTree = "<group>"; };
/* End PBXFileReference section */

/* Begin PBXFrameworksBuildPhase section */
		3822E3941ECAF1CE0061DAAD /* Frameworks */ = {
			isa = PBXFrameworksBuildPhase;
			buildActionMask = 2147483647;
			files = (
			);
			runOnlyForDeploymentPostprocessing = 0;
		};
		3822E3A81ECAF1CF0061DAAD /* Frameworks */ = {
			isa = PBXFrameworksBuildPhase;
			buildActionMask = 2147483647;
			files = (
			);
			runOnlyForDeploymentPostprocessing = 0;
		};
/* End PBXFrameworksBuildPhase section */

/* Begin PBXGroup section */
		3822E38E1ECAF1CE0061DAAD = {
			isa = PBXGroup;
			children = (
				3822E3991ECAF1CE0061DAAD /* ios-uikit-uitextfield-demo */,
				3822E3AE1ECAF1CF0061DAAD /* ios-uikit-uitextfield-demoTests */,
				3822E3981ECAF1CE0061DAAD /* Products */,
			);
			sourceTree = "<group>";
		};
		3822E3981ECAF1CE0061DAAD /* Products */ = {
			isa = PBXGroup;
			children = (
				3822E3971ECAF1CE0061DAAD /* ios-uikit-uitextfield-demo.app */,
				3822E3AB1ECAF1CF0061DAAD /* ios-uikit-uitextfield-demoTests.xctest */,
			);
			name = Products;
			sourceTree = "<group>";
		};
		3822E3991ECAF1CE0061DAAD /* ios-uikit-uitextfield-demo */ = {
			isa = PBXGroup;
			children = (
				3822E39A1ECAF1CE0061DAAD /* AppDelegate.swift */,
				3822E39C1ECAF1CE0061DAAD /* ViewController.swift */,
				3822E39E1ECAF1CE0061DAAD /* Main.storyboard */,
				3822E3A11ECAF1CE0061DAAD /* Assets.xcassets */,
				3822E3A31ECAF1CE0061DAAD /* LaunchScreen.storyboard */,
				3822E3A61ECAF1CE0061DAAD /* Info.plist */,
			);
			path = "ios-uikit-uitextfield-demo";
			sourceTree = "<group>";
		};
		3822E3AE1ECAF1CF0061DAAD /* ios-uikit-uitextfield-demoTests */ = {
			isa = PBXGroup;
			children = (
				3822E3AF1ECAF1CF0061DAAD /* ios_uikit_uitextfield_demoTests.swift */,
				3822E3B11ECAF1CF0061DAAD /* Info.plist */,
			);
			path = "ios-uikit-uitextfield-demoTests";
			sourceTree = "<group>";
		};
/* End PBXGroup section */

/* Begin PBXNativeTarget section */
		3822E3961ECAF1CE0061DAAD /* ios-uikit-uitextfield-demo */ = {
			isa = PBXNativeTarget;
			buildConfigurationList = 3822E3B41ECAF1CF0061DAAD /* Build configuration list for PBXNativeTarget "ios-uikit-uitextfield-demo" */;
			buildPhases = (
				3822E3931ECAF1CE0061DAAD /* Sources */,
				3822E3941ECAF1CE0061DAAD /* Frameworks */,
				3822E3951ECAF1CE0061DAAD /* Resources */,
			);
			buildRules = (
			);
			dependencies = (
			);
			name = "ios-uikit-uitextfield-demo";
			productName = "ios-uikit-uitextfield-demo";
			productReference = 3822E3971ECAF1CE0061DAAD /* ios-uikit-uitextfield-demo.app */;
			productType = "com.apple.product-type.application";
		};
		3822E3AA1ECAF1CF0061DAAD /* ios-uikit-uitextfield-demoTests */ = {
			isa = PBXNativeTarget;
			buildConfigurationList = 3822E3B71ECAF1CF0061DAAD /* Build configuration list for PBXNativeTarget "ios-uikit-uitextfield-demoTests" */;
			buildPhases = (
				3822E3A71ECAF1CF0061DAAD /* Sources */,
				3822E3A81ECAF1CF0061DAAD /* Frameworks */,
				3822E3A91ECAF1CF0061DAAD /* Resources */,
			);
			buildRules = (
			);
			dependencies = (
				3822E3AD1ECAF1CF0061DAAD /* PBXTargetDependency */,
			);
			name = "ios-uikit-uitextfield-demoTests";
			productName = "ios-uikit-uitextfield-demoTests";
			productReference = 3822E3AB1ECAF1CF0061DAAD /* ios-uikit-uitextfield-demoTests.xctest */;
			productType = "com.apple.product-type.bundle.unit-test";
		};
/* End PBXNativeTarget section */

/* Begin PBXProject section */
		3822E38F1ECAF1CE0061DAAD /* Project object */ = {
			isa = PBXProject;
			attributes = {
				LastSwiftUpdateCheck = 0820;
				LastUpgradeCheck = 0820;
				ORGANIZATIONNAME = "Manami Ichikawa";
				TargetAttributes = {
					3822E3961ECAF1CE0061DAAD = {
						CreatedOnToolsVersion = 8.2.1;
						ProvisioningStyle = Automatic;
					};
					3822E3AA1ECAF1CF0061DAAD = {
						CreatedOnToolsVersion = 8.2.1;
						ProvisioningStyle = Automatic;
						TestTargetID = 3822E3961ECAF1CE0061DAAD;
					};
				};
			};
			buildConfigurationList = 3822E3921ECAF1CE0061DAAD /* Build configuration list for PBXProject "ios-uikit-uitextfield-demo" */;
			compatibilityVersion = "Xcode 3.2";
			developmentRegion = English;
			hasScannedForEncodings = 0;
			knownRegions = (
				en,
				Base,
			);
			mainGroup = 3822E38E1ECAF1CE0061DAAD;
			productRefGroup = 3822E3981ECAF1CE0061DAAD /* Products */;
			projectDirPath = "";
			projectRoot = "";
			targets = (
				3822E3961ECAF1CE0061DAAD /* ios-uikit-uitextfield-demo */,
				3822E3AA1ECAF1CF0061DAAD /* ios-uikit-uitextfield-demoTests */,
			);
		};
/* End PBXProject section */

/* Begin PBXResourcesBuildPhase section */
		3822E3951ECAF1CE0061DAAD /* Resources */ = {
			isa = PBXResourcesBuildPhase;
			buildActionMask = 2147483647;
			files = (
				3822E3A51ECAF1CE0061DAAD /* LaunchScreen.storyboard in Resources */,
				3822E3A21ECAF1CE0061DAAD /* Assets.xcassets in Resources */,
				3822E3A01ECAF1CE0061DAAD /* Main.storyboard in Resources */,
			);
			runOnlyForDeploymentPostprocessing = 0;
		};
		3822E3A91ECAF1CF0061DAAD /* Resources */ = {
			isa = PBXResourcesBuildPhase;
			buildActionMask = 2147483647;
			files = (
			);
			runOnlyForDeploymentPostprocessing = 0;
		};
/* End PBXResourcesBuildPhase section */

/* Begin PBXSourcesBuildPhase section */
		3822E3931ECAF1CE0061DAAD /* Sources */ = {
			isa = PBXSourcesBuildPhase;
			buildActionMask = 2147483647;
			files = (
				3822E39D1ECAF1CE0061DAAD /* ViewController.swift in Sources */,
				3822E39B1ECAF1CE0061DAAD /* AppDelegate.swift in Sources */,
			);
			runOnlyForDeploymentPostprocessing = 0;
		};
		3822E3A71ECAF1CF0061DAAD /* Sources */ = {
			isa = PBXSourcesBuildPhase;
			buildActionMask = 2147483647;
			files = (
				3822E3B01ECAF1CF0061DAAD /* ios_uikit_uitextfield_demoTests.swift in Sources */,
			);
			runOnlyForDeploymentPostprocessing = 0;
		};
/* End PBXSourcesBuildPhase section */

/* Begin PBXTargetDependency section */
		3822E3AD1ECAF1CF0061DAAD /* PBXTargetDependency */ = {
			isa = PBXTargetDependency;
			target = 3822E3961ECAF1CE0061DAAD /* ios-uikit-uitextfield-demo */;
			targetProxy = 3822E3AC1ECAF1CF0061DAAD /* PBXContainerItemProxy */;
		};
/* End PBXTargetDependency section */

/* Begin PBXVariantGroup section */
		3822E39E1ECAF1CE0061DAAD /* Main.storyboard */ = {
			isa = PBXVariantGroup;
			children = (
				3822E39F1ECAF1CE0061DAAD /* Base */,
			);
			name = Main.storyboard;
			sourceTree = "<group>";
		};
		3822E3A31ECAF1CE0061DAAD /* LaunchScreen.storyboard */ = {
			isa = PBXVariantGroup;
			children = (
				3822E3A41ECAF1CE0061DAAD /* Base */,
			);
			name = LaunchScreen.storyboard;
			sourceTree = "<group>";
		};
/* End PBXVariantGroup section */

/* Begin XCBuildConfiguration section */
		3822E3B21ECAF1CF0061DAAD /* Debug */ = {
			isa = XCBuildConfiguration;
			buildSettings = {
				ALWAYS_SEARCH_USER_PATHS = NO;
				CLANG_ANALYZER_NONNULL = YES;
				CLANG_CXX_LANGUAGE_STANDARD = "gnu++0x";
				CLANG_CXX_LIBRARY = "libc++";
				CLANG_ENABLE_MODULES = YES;
				CLANG_ENABLE_OBJC_ARC = YES;
				CLANG_WARN_BOOL_CONVERSION = YES;
				CLANG_WARN_CONSTANT_CONVERSION = YES;
				CLANG_WARN_DIRECT_OBJC_ISA_USAGE = YES_ERROR;
				CLANG_WARN_DOCUMENTATION_COMMENTS = YES;
				CLANG_WARN_EMPTY_BODY = YES;
				CLANG_WARN_ENUM_CONVERSION = YES;
				CLANG_WARN_INFINITE_RECURSION = YES;
				CLANG_WARN_INT_CONVERSION = YES;
				CLANG_WARN_OBJC_ROOT_CLASS = YES_ERROR;
				CLANG_WARN_SUSPICIOUS_MOVE = YES;
				CLANG_WARN_UNREACHABLE_CODE = YES;
				CLANG_WARN__DUPLICATE_METHOD_MATCH = YES;
				"CODE_SIGN_IDENTITY[sdk=iphoneos*]" = "iPhone Developer";
				COPY_PHASE_STRIP = NO;
				DEBUG_INFORMATION_FORMAT = dwarf;
				ENABLE_STRICT_OBJC_MSGSEND = YES;
				ENABLE_TESTABILITY = YES;
				GCC_C_LANGUAGE_STANDARD = gnu99;
				GCC_DYNAMIC_NO_PIC = NO;
				GCC_NO_COMMON_BLOCKS = YES;
				GCC_OPTIMIZATION_LEVEL = 0;
				GCC_PREPROCESSOR_DEFINITIONS = (
					"DEBUG=1",
					"$(inherited)",
				);
				GCC_WARN_64_TO_32_BIT_CONVERSION = YES;
				GCC_WARN_ABOUT_RETURN_TYPE = YES_ERROR;
				GCC_WARN_UNDECLARED_SELECTOR = YES;
				GCC_WARN_UNINITIALIZED_AUTOS = YES_AGGRESSIVE;
				GCC_WARN_UNUSED_FUNCTION = YES;
				GCC_WARN_UNUSED_VARIABLE = YES;
				IPHONEOS_DEPLOYMENT_TARGET = 10.2;
				MTL_ENABLE_DEBUG_INFO = YES;
				ONLY_ACTIVE_ARCH = YES;
				SDKROOT = iphoneos;
				SWIFT_ACTIVE_COMPILATION_CONDITIONS = DEBUG;
				SWIFT_OPTIMIZATION_LEVEL = "-Onone";
				TARGETED_DEVICE_FAMILY = "1,2";
			};
			name = Debug;
		};
		3822E3B31ECAF1CF0061DAAD /* Release */ = {
			isa = XCBuildConfiguration;
			buildSettings = {
				ALWAYS_SEARCH_USER_PATHS = NO;
				CLANG_ANALYZER_NONNULL = YES;
				CLANG_CXX_LANGUAGE_STANDARD = "gnu++0x";
				CLANG_CXX_LIBRARY = "libc++";
				CLANG_ENABLE_MODULES = YES;
				CLANG_ENABLE_OBJC_ARC = YES;
				CLANG_WARN_BOOL_CONVERSION = YES;
				CLANG_WARN_CONSTANT_CONVERSION = YES;
				CLANG_WARN_DIRECT_OBJC_ISA_USAGE = YES_ERROR;
				CLANG_WARN_DOCUMENTATION_COMMENTS = YES;
				CLANG_WARN_EMPTY_BODY = YES;
				CLANG_WARN_ENUM_CONVERSION = YES;
				CLANG_WARN_INFINITE_RECURSION = YES;
				CLANG_WARN_INT_CONVERSION = YES;
				CLANG_WARN_OBJC_ROOT_CLASS = YES_ERROR;
				CLANG_WARN_SUSPICIOUS_MOVE = YES;
				CLANG_WARN_UNREACHABLE_CODE = YES;
				CLANG_WARN__DUPLICATE_METHOD_MATCH = YES;
				"CODE_SIGN_IDENTITY[sdk=iphoneos*]" = "iPhone Developer";
				COPY_PHASE_STRIP = NO;
				DEBUG_INFORMATION_FORMAT = "dwarf-with-dsym";
				ENABLE_NS_ASSERTIONS = NO;
				ENABLE_STRICT_OBJC_MSGSEND = YES;
				GCC_C_LANGUAGE_STANDARD = gnu99;
				GCC_NO_COMMON_BLOCKS = YES;
				GCC_WARN_64_TO_32_BIT_CONVERSION = YES;
				GCC_WARN_ABOUT_RETURN_TYPE = YES_ERROR;
				GCC_WARN_UNDECLARED_SELECTOR = YES;
				GCC_WARN_UNINITIALIZED_AUTOS = YES_AGGRESSIVE;
				GCC_WARN_UNUSED_FUNCTION = YES;
				GCC_WARN_UNUSED_VARIABLE = YES;
				IPHONEOS_DEPLOYMENT_TARGET = 10.2;
				MTL_ENABLE_DEBUG_INFO = NO;
				SDKROOT = iphoneos;
				SWIFT_OPTIMIZATION_LEVEL = "-Owholemodule";
				TARGETED_DEVICE_FAMILY = "1,2";
				VALIDATE_PRODUCT = YES;
			};
			name = Release;
		};
		3822E3B51ECAF1CF0061DAAD /* Debug */ = {
			isa = XCBuildConfiguration;
			buildSettings = {
				ASSETCATALOG_COMPILER_APPICON_NAME = AppIcon;
				INFOPLIST_FILE = "ios-uikit-uitextfield-demo/Info.plist";
				LD_RUNPATH_SEARCH_PATHS = "$(inherited) @executable_path/Frameworks";
				PRODUCT_BUNDLE_IDENTIFIER = "edu.myself.ios-uikit-uitextfield-demo";
				PRODUCT_NAME = "$(TARGET_NAME)";
				SWIFT_VERSION = 3.0;
			};
			name = Debug;
		};
		3822E3B61ECAF1CF0061DAAD /* Release */ = {
			isa = XCBuildConfiguration;
			buildSettings = {
				ASSETCATALOG_COMPILER_APPICON_NAME = AppIcon;
				INFOPLIST_FILE = "ios-uikit-uitextfield-demo/Info.plist";
				LD_RUNPATH_SEARCH_PATHS = "$(inherited) @executable_path/Frameworks";
				PRODUCT_BUNDLE_IDENTIFIER = "edu.myself.ios-uikit-uitextfield-demo";
				PRODUCT_NAME = "$(TARGET_NAME)";
				SWIFT_VERSION = 3.0;
			};
			name = Release;
		};
		3822E3B81ECAF1CF0061DAAD /* Debug */ = {
			isa = XCBuildConfiguration;
			buildSettings = {
				ALWAYS_EMBED_SWIFT_STANDARD_LIBRARIES = YES;
				BUNDLE_LOADER = "$(TEST_HOST)";
				INFOPLIST_FILE = "ios-uikit-uitextfield-demoTests/Info.plist";
				LD_RUNPATH_SEARCH_PATHS = "$(inherited) @executable_path/Frameworks @loader_path/Frameworks";
				PRODUCT_BUNDLE_IDENTIFIER = "edu.myself.ios-uikit-uitextfield-demoTests";
				PRODUCT_NAME = "$(TARGET_NAME)";
				SWIFT_VERSION = 3.0;
				TEST_HOST = "$(BUILT_PRODUCTS_DIR)/ios-uikit-uitextfield-demo.app/ios-uikit-uitextfield-demo";
			};
			name = Debug;
		};
		3822E3B91ECAF1CF0061DAAD /* Release */ = {
			isa = XCBuildConfiguration;
			buildSettings = {
				ALWAYS_EMBED_SWIFT_STANDARD_LIBRARIES = YES;
				BUNDLE_LOADER = "$(TEST_HOST)";
				INFOPLIST_FILE = "ios-uikit-uitextfield-demoTests/Info.plist";
				LD_RUNPATH_SEARCH_PATHS = "$(inherited) @executable_path/Frameworks @loader_path/Frameworks";
				PRODUCT_BUNDLE_IDENTIFIER = "edu.myself.ios-uikit-uitextfield-demoTests";
				PRODUCT_NAME = "$(TARGET_NAME)";
				SWIFT_VERSION = 3.0;
				TEST_HOST = "$(BUILT_PRODUCTS_DIR)/ios-uikit-uitextfield-demo.app/ios-uikit-uitextfield-demo";
			};
			name = Release;
		};
/* End XCBuildConfiguration section */

/* Begin XCConfigurationList section */
		3822E3921ECAF1CE0061DAAD /* Build configuration list for PBXProject "ios-uikit-uitextfield-demo" */ = {
			isa = XCConfigurationList;
			buildConfigurations = (
				3822E3B21ECAF1CF0061DAAD /* Debug */,
				3822E3B31ECAF1CF0061DAAD /* Release */,
			);
			defaultConfigurationIsVisible = 0;
			defaultConfigurationName = Release;
		};
		3822E3B41ECAF1CF0061DAAD /* Build configuration list for PBXNativeTarget "ios-uikit-uitextfield-demo" */ = {
			isa = XCConfigurationList;
			buildConfigurations = (
				3822E3B51ECAF1CF0061DAAD /* Debug */,
				3822E3B61ECAF1CF0061DAAD /* Release */,
			);
			defaultConfigurationIsVisible = 0;
		};
		3822E3B71ECAF1CF0061DAAD /* Build configuration list for PBXNativeTarget "ios-uikit-uitextfield-demoTests" */ = {
			isa = XCConfigurationList;
			buildConfigurations = (
				3822E3B81ECAF1CF0061DAAD /* Debug */,
				3822E3B91ECAF1CF0061DAAD /* Release */,
			);
			defaultConfigurationIsVisible = 0;
		};
/* End XCConfigurationList section */
	};
	rootObject = 3822E38F1ECAF1CE0061DAAD /* Project object */;
}
